
Microsoft Visual Studio Solution File, Format Version 12.00
# Visual Studio Express 2012 for Windows Desktop
Project("{8BC9CEB8-8B4A-11D0-8D11-00A0C91BC942}") = "vao_cooker", "vao_cooker\vao_cooker.vcxproj", "{F7977584-7E5C-43A4-9E72-77D8D42AD9A1}"
EndProject
Project("{8BC9CEB8-8B4A-11D0-8D11-00A0C91BC942}") = "punk_height_map_util", "punk_height_map_util\punk_height_map_util.vcxproj", "{44E80555-AC16-4853-B9C9-7AC16318ABC7}"
EndProject
Global
	GlobalSection(SolutionConfigurationPlatforms) = preSolution
		Debug|Win32 = Debug|Win32
		Release|Win32 = Release|Win32
	EndGlobalSection
	GlobalSection(ProjectConfigurationPlatforms) = postSolution
		{F7977584-7E5C-43A4-9E72-77D8D42AD9A1}.Debug|Win32.ActiveCfg = Debug|Win32
		{F7977584-7E5C-43A4-9E72-77D8D42AD9A1}.Debug|Win32.Build.0 = Debug|Win32
		{F7977584-7E5C-43A4-9E72-77D8D42AD9A1}.Release|Win32.ActiveCfg = Release|Win32
		{F7977584-7E5C-43A4-9E72-77D8D42AD9A1}.Release|Win32.Build.0 = Release|Win32
		{44E80555-AC16-4853-B9C9-7AC16318ABC7}.Debug|Win32.ActiveCfg = Debug|Win32
		{44E80555-AC16-4853-B9C9-7AC16318ABC7}.Debug|Win32.Build.0 = Debug|Win32
		{44E80555-AC16-4853-B9C9-7AC16318ABC7}.Release|Win32.ActiveCfg = Release|Win32
		{44E80555-AC16-4853-B9C9-7AC16318ABC7}.Release|Win32.Build.0 = Release|Win32
	EndGlobalSection
	GlobalSection(SolutionProperties) = preSolution
		HideSolutionNode = FALSE
	EndGlobalSection
EndGlobal
