<?xml version="1.0" encoding="utf-8"?>
<Project ToolsVersion="4.0" xmlns="http://schemas.microsoft.com/developer/msbuild/2003">
  <ItemGroup>
    <Filter Include="soft">
      <UniqueIdentifier>{5088ac4a-3194-4d1e-94f3-15e514939c99}</UniqueIdentifier>
    </Filter>
    <Filter Include="soft\win32">
      <UniqueIdentifier>{77cf660e-cdf9-4b2a-90cd-ab8b7b696af4}</UniqueIdentifier>
    </Filter>
  </ItemGroup>
  <ItemGroup>
    <ClInclude Include="..\punk_engine\system\driver\video\soft\buffer.h">
      <Filter>soft</Filter>
    </ClInclude>
    <ClInclude Include="..\punk_engine\system\driver\video\soft\driver.h">
      <Filter>soft</Filter>
    </ClInclude>
    <ClInclude Include="..\punk_engine\system\driver\video\soft\win32\buffer_win32.h">
      <Filter>soft\win32</Filter>
    </ClInclude>
    <ClInclude Include="..\punk_engine\system\driver\video\soft\win32\driver_win32.h">
      <Filter>soft\win32</Filter>
    </ClInclude>
    <ClInclude Include="..\punk_engine\system\driver\video\soft\win32\render_surface_win32.h">
      <Filter>soft\win32</Filter>
    </ClInclude>
    <ClInclude Include="..\punk_engine\system\driver\video\driver.h" />
    <ClInclude Include="..\punk_engine\system\driver\video\video_driver_interface.h" />
  </ItemGroup>
  <ItemGroup>
    <ClCompile Include="..\punk_engine\system\driver\video\soft\win32\render_surface_win32.cpp">
      <Filter>soft\win32</Filter>
    </ClCompile>
  </ItemGroup>
</Project>