<?xml version="1.0" encoding="utf-8"?>
<Project ToolsVersion="4.0" xmlns="http://schemas.microsoft.com/developer/msbuild/2003">
  <ItemGroup>
    <Filter Include="win32">
      <UniqueIdentifier>{01736df5-bef5-482d-bcbe-d0531fc20176}</UniqueIdentifier>
    </Filter>
    <Filter Include="resource">
      <UniqueIdentifier>{3f99a505-02a5-4b08-9e07-3a6c9ae993c1}</UniqueIdentifier>
    </Filter>
    <Filter Include="render_context">
      <UniqueIdentifier>{b9a07925-3b95-4737-86a9-08680069bb60}</UniqueIdentifier>
    </Filter>
    <Filter Include="nvtristrip">
      <UniqueIdentifier>{af24903a-9e41-4253-a223-7c421e706675}</UniqueIdentifier>
    </Filter>
    <Filter Include="dump%28logic%29">
      <UniqueIdentifier>{903435b4-cae6-4ff9-9eca-6fc06cc166e9}</UniqueIdentifier>
    </Filter>
    <Filter Include="glsl">
      <UniqueIdentifier>{d6c0d0f0-57ae-48af-8f7d-e0c72da6e802}</UniqueIdentifier>
    </Filter>
  </ItemGroup>
  <ItemGroup>
    <ClCompile Include="..\punk_engine\system\driver\video\opengl\win32\driver_parameters_win32.cpp">
      <Filter>win32</Filter>
    </ClCompile>
    <ClCompile Include="..\punk_engine\system\driver\video\opengl\win32\driver_win32.cpp">
      <Filter>win32</Filter>
    </ClCompile>
    <ClCompile Include="..\punk_engine\system\driver\video\opengl\win32\extensions_win32.cpp">
      <Filter>win32</Filter>
    </ClCompile>
    <ClCompile Include="..\punk_engine\system\driver\video\opengl\render_context\fs_bump.cpp">
      <Filter>render_context</Filter>
    </ClCompile>
    <ClCompile Include="..\punk_engine\system\driver\video\opengl\render_context\fs_gui.cpp">
      <Filter>render_context</Filter>
    </ClCompile>
    <ClCompile Include="..\punk_engine\system\driver\video\opengl\render_context\fs_light.cpp">
      <Filter>render_context</Filter>
    </ClCompile>
    <ClCompile Include="..\punk_engine\system\driver\video\opengl\render_context\fs_skinning.cpp">
      <Filter>render_context</Filter>
    </ClCompile>
    <ClCompile Include="..\punk_engine\system\driver\video\opengl\render_context\fs_solid_color.cpp">
      <Filter>render_context</Filter>
    </ClCompile>
    <ClCompile Include="..\punk_engine\system\driver\video\opengl\render_context\fs_solid_textured.cpp">
      <Filter>render_context</Filter>
    </ClCompile>
    <ClCompile Include="..\punk_engine\system\driver\video\opengl\render_context\fs_terrain.cpp">
      <Filter>render_context</Filter>
    </ClCompile>
    <ClCompile Include="..\punk_engine\system\driver\video\opengl\render_context\rc_bump_mapping.cpp">
      <Filter>render_context</Filter>
    </ClCompile>
    <ClCompile Include="..\punk_engine\system\driver\video\opengl\render_context\rc_gui.cpp">
      <Filter>render_context</Filter>
    </ClCompile>
    <ClCompile Include="..\punk_engine\system\driver\video\opengl\render_context\rc_light.cpp">
      <Filter>render_context</Filter>
    </ClCompile>
    <ClCompile Include="..\punk_engine\system\driver\video\opengl\render_context\rc_skinning.cpp">
      <Filter>render_context</Filter>
    </ClCompile>
    <ClCompile Include="..\punk_engine\system\driver\video\opengl\render_context\rc_solid_color_3d.cpp">
      <Filter>render_context</Filter>
    </ClCompile>
    <ClCompile Include="..\punk_engine\system\driver\video\opengl\render_context\rc_solid_textured_3d.cpp">
      <Filter>render_context</Filter>
    </ClCompile>
    <ClCompile Include="..\punk_engine\system\driver\video\opengl\render_context\rc_terrain.cpp">
      <Filter>render_context</Filter>
    </ClCompile>
    <ClCompile Include="..\punk_engine\system\driver\video\opengl\render_context\render_context.cpp">
      <Filter>render_context</Filter>
    </ClCompile>
    <ClCompile Include="..\punk_engine\system\driver\video\opengl\render_context\shader.cpp">
      <Filter>render_context</Filter>
    </ClCompile>
    <ClCompile Include="..\punk_engine\system\driver\video\opengl\render_context\vs_bump.cpp">
      <Filter>render_context</Filter>
    </ClCompile>
    <ClCompile Include="..\punk_engine\system\driver\video\opengl\render_context\vs_gui.cpp">
      <Filter>render_context</Filter>
    </ClCompile>
    <ClCompile Include="..\punk_engine\system\driver\video\opengl\render_context\vs_light.cpp">
      <Filter>render_context</Filter>
    </ClCompile>
    <ClCompile Include="..\punk_engine\system\driver\video\opengl\render_context\vs_skinning.cpp">
      <Filter>render_context</Filter>
    </ClCompile>
    <ClCompile Include="..\punk_engine\system\driver\video\opengl\render_context\vs_terrain.cpp">
      <Filter>render_context</Filter>
    </ClCompile>
    <ClCompile Include="..\punk_engine\system\driver\video\opengl\render_context\vs_transform_3d.cpp">
      <Filter>render_context</Filter>
    </ClCompile>
    <ClCompile Include="..\punk_engine\system\driver\video\opengl\render_context\vs_transformed_textured_3d.cpp">
      <Filter>render_context</Filter>
    </ClCompile>
    <ClCompile Include="..\punk_engine\system\driver\video\opengl\nvtristrip\nv_tri_strip.cpp">
      <Filter>nvtristrip</Filter>
    </ClCompile>
    <ClCompile Include="..\punk_engine\system\driver\video\opengl\nvtristrip\nv_tri_strip_objects.cpp">
      <Filter>nvtristrip</Filter>
    </ClCompile>
    <ClCompile Include="..\punk_engine\system\driver\video\opengl\nvtristrip\vertex_cache.cpp">
      <Filter>nvtristrip</Filter>
    </ClCompile>
    <ClCompile Include="..\punk_engine\system\driver\video\opengl\win32\video_driver_win32.cpp">
      <Filter>dump%28logic%29</Filter>
    </ClCompile>
    <ClCompile Include="..\punk_engine\system\driver\video\opengl\driver.cpp">
      <Filter>dump%28logic%29</Filter>
    </ClCompile>
    <ClCompile Include="..\punk_engine\system\driver\video\opengl\error.cpp">
      <Filter>dump%28logic%29</Filter>
    </ClCompile>
    <ClCompile Include="..\punk_engine\system\driver\video\opengl\frame_buffer.cpp">
      <Filter>dump%28logic%29</Filter>
    </ClCompile>
    <ClCompile Include="..\punk_engine\system\driver\video\opengl\frame_buffer_with_depth.cpp">
      <Filter>dump%28logic%29</Filter>
    </ClCompile>
    <ClCompile Include="..\punk_engine\system\driver\video\opengl\glsl_program.cpp">
      <Filter>dump%28logic%29</Filter>
    </ClCompile>
    <ClCompile Include="..\punk_engine\system\driver\video\opengl\grid_object.cpp">
      <Filter>dump%28logic%29</Filter>
    </ClCompile>
    <ClCompile Include="..\punk_engine\system\driver\video\opengl\light.cpp">
      <Filter>dump%28logic%29</Filter>
    </ClCompile>
    <ClCompile Include="..\punk_engine\system\driver\video\opengl\light_manager.cpp">
      <Filter>dump%28logic%29</Filter>
    </ClCompile>
    <ClCompile Include="..\punk_engine\system\driver\video\opengl\material.cpp">
      <Filter>dump%28logic%29</Filter>
    </ClCompile>
    <ClCompile Include="..\punk_engine\system\driver\video\opengl\module.cpp">
      <Filter>dump%28logic%29</Filter>
    </ClCompile>
    <ClCompile Include="..\punk_engine\system\driver\video\opengl\point_object.cpp">
      <Filter>dump%28logic%29</Filter>
    </ClCompile>
    <ClCompile Include="..\punk_engine\system\driver\video\opengl\quad_object.cpp">
      <Filter>dump%28logic%29</Filter>
    </ClCompile>
    <ClCompile Include="..\punk_engine\system\driver\video\opengl\render_context_old.cpp">
      <Filter>dump%28logic%29</Filter>
    </ClCompile>
    <ClCompile Include="..\punk_engine\system\driver\video\opengl\static_object.cpp">
      <Filter>dump%28logic%29</Filter>
    </ClCompile>
    <ClCompile Include="..\punk_engine\system\driver\video\opengl\terrain_render.cpp">
      <Filter>dump%28logic%29</Filter>
    </ClCompile>
    <ClCompile Include="..\punk_engine\system\driver\video\opengl\text_texture_2d.cpp">
      <Filter>dump%28logic%29</Filter>
    </ClCompile>
    <ClCompile Include="..\punk_engine\system\driver\video\opengl\texture2d.cpp">
      <Filter>dump%28logic%29</Filter>
    </ClCompile>
    <ClCompile Include="..\punk_engine\system\driver\video\opengl\texture_context.cpp">
      <Filter>dump%28logic%29</Filter>
    </ClCompile>
    <ClCompile Include="..\punk_engine\system\driver\video\opengl\vbo.cpp">
      <Filter>dump%28logic%29</Filter>
    </ClCompile>
    <ClCompile Include="..\punk_engine\system\driver\video\opengl\vertex_array_object.cpp">
      <Filter>dump%28logic%29</Filter>
    </ClCompile>
    <ClCompile Include="..\punk_engine\system\driver\video\opengl\render\line.cpp" />
    <ClCompile Include="..\punk_engine\system\driver\video\opengl\vao_manager.cpp">
      <Filter>dump%28logic%29</Filter>
    </ClCompile>
    <ClCompile Include="..\punk_engine\system\driver\video\opengl\texture_2d_manager.cpp">
      <Filter>dump%28logic%29</Filter>
    </ClCompile>
    <ClCompile Include="..\punk_engine\system\driver\video\opengl\render_context\fs_grass.cpp">
      <Filter>render_context</Filter>
    </ClCompile>
    <ClCompile Include="..\punk_engine\system\driver\video\opengl\render_context\vs_grass.cpp">
      <Filter>render_context</Filter>
    </ClCompile>
    <ClCompile Include="..\punk_engine\system\driver\video\opengl\render_context\rc_grass.cpp">
      <Filter>render_context</Filter>
    </ClCompile>
    <ClCompile Include="..\punk_engine\system\driver\video\opengl\render_context\rc_particle_system.cpp">
      <Filter>render_context</Filter>
    </ClCompile>
    <ClCompile Include="..\punk_engine\system\driver\video\opengl\render_context\shader.h">
      <Filter>render_context</Filter>
    </ClCompile>
    <ClCompile Include="..\punk_engine\system\driver\video\opengl\render_context\fs_particle.cpp">
      <Filter>render_context</Filter>
    </ClCompile>
    <ClCompile Include="..\punk_engine\system\driver\video\opengl\render_context\vs_particle.cpp">
      <Filter>render_context</Filter>
    </ClCompile>
  </ItemGroup>
  <ItemGroup>
    <ClInclude Include="..\punk_engine\system\driver\video\opengl\win32\driver_parameters_win32.h">
      <Filter>win32</Filter>
    </ClInclude>
    <ClInclude Include="..\punk_engine\system\driver\video\opengl\win32\driver_win32.h">
      <Filter>win32</Filter>
    </ClInclude>
    <ClInclude Include="..\punk_engine\system\driver\video\opengl\win32\extensions_win32.h">
      <Filter>win32</Filter>
    </ClInclude>
    <ClInclude Include="..\punk_engine\system\driver\video\opengl\resource\texture_2d_resource.h">
      <Filter>resource</Filter>
    </ClInclude>
    <ClInclude Include="..\punk_engine\system\driver\video\opengl\render_context\fs_bump.h">
      <Filter>render_context</Filter>
    </ClInclude>
    <ClInclude Include="..\punk_engine\system\driver\video\opengl\render_context\fs_gui.h">
      <Filter>render_context</Filter>
    </ClInclude>
    <ClInclude Include="..\punk_engine\system\driver\video\opengl\render_context\fs_light.h">
      <Filter>render_context</Filter>
    </ClInclude>
    <ClInclude Include="..\punk_engine\system\driver\video\opengl\render_context\fs_skinning.h">
      <Filter>render_context</Filter>
    </ClInclude>
    <ClInclude Include="..\punk_engine\system\driver\video\opengl\render_context\fs_solid_color.h">
      <Filter>render_context</Filter>
    </ClInclude>
    <ClInclude Include="..\punk_engine\system\driver\video\opengl\render_context\fs_solid_textured.h">
      <Filter>render_context</Filter>
    </ClInclude>
    <ClInclude Include="..\punk_engine\system\driver\video\opengl\render_context\fs_terrain.h">
      <Filter>render_context</Filter>
    </ClInclude>
    <ClInclude Include="..\punk_engine\system\driver\video\opengl\render_context\rc_bump_mapping.h">
      <Filter>render_context</Filter>
    </ClInclude>
    <ClInclude Include="..\punk_engine\system\driver\video\opengl\render_context\rc_gui.h">
      <Filter>render_context</Filter>
    </ClInclude>
    <ClInclude Include="..\punk_engine\system\driver\video\opengl\render_context\rc_light.h">
      <Filter>render_context</Filter>
    </ClInclude>
    <ClInclude Include="..\punk_engine\system\driver\video\opengl\render_context\rc_skinning.h">
      <Filter>render_context</Filter>
    </ClInclude>
    <ClInclude Include="..\punk_engine\system\driver\video\opengl\render_context\rc_solid_color_3d.h">
      <Filter>render_context</Filter>
    </ClInclude>
    <ClInclude Include="..\punk_engine\system\driver\video\opengl\render_context\rc_solid_textured_3d.h">
      <Filter>render_context</Filter>
    </ClInclude>
    <ClInclude Include="..\punk_engine\system\driver\video\opengl\render_context\rc_terrain.h">
      <Filter>render_context</Filter>
    </ClInclude>
    <ClInclude Include="..\punk_engine\system\driver\video\opengl\render_context\render_context.h">
      <Filter>render_context</Filter>
    </ClInclude>
    <ClInclude Include="..\punk_engine\system\driver\video\opengl\render_context\render_context_impl.h">
      <Filter>render_context</Filter>
    </ClInclude>
    <ClInclude Include="..\punk_engine\system\driver\video\opengl\render_context\shader_impl.h">
      <Filter>render_context</Filter>
    </ClInclude>
    <ClInclude Include="..\punk_engine\system\driver\video\opengl\render_context\vs_bump.h">
      <Filter>render_context</Filter>
    </ClInclude>
    <ClInclude Include="..\punk_engine\system\driver\video\opengl\render_context\vs_gui.h">
      <Filter>render_context</Filter>
    </ClInclude>
    <ClInclude Include="..\punk_engine\system\driver\video\opengl\render_context\vs_light.h">
      <Filter>render_context</Filter>
    </ClInclude>
    <ClInclude Include="..\punk_engine\system\driver\video\opengl\render_context\vs_skinning.h">
      <Filter>render_context</Filter>
    </ClInclude>
    <ClInclude Include="..\punk_engine\system\driver\video\opengl\render_context\vs_terrain.h">
      <Filter>render_context</Filter>
    </ClInclude>
    <ClInclude Include="..\punk_engine\system\driver\video\opengl\render_context\vs_transform_3d.h">
      <Filter>render_context</Filter>
    </ClInclude>
    <ClInclude Include="..\punk_engine\system\driver\video\opengl\render_context\vs_transformed_textured_3d.h">
      <Filter>render_context</Filter>
    </ClInclude>
    <ClInclude Include="..\punk_engine\system\driver\video\opengl\nvtristrip\nv_tri_strip.h">
      <Filter>nvtristrip</Filter>
    </ClInclude>
    <ClInclude Include="..\punk_engine\system\driver\video\opengl\nvtristrip\nv_tri_strip_objects.h">
      <Filter>nvtristrip</Filter>
    </ClInclude>
    <ClInclude Include="..\punk_engine\system\driver\video\opengl\nvtristrip\vertex_cache.h">
      <Filter>nvtristrip</Filter>
    </ClInclude>
    <ClInclude Include="..\punk_engine\system\driver\video\opengl\config.h">
      <Filter>dump%28logic%29</Filter>
    </ClInclude>
    <ClInclude Include="..\punk_engine\system\driver\video\opengl\driver.h">
      <Filter>dump%28logic%29</Filter>
    </ClInclude>
    <ClInclude Include="..\punk_engine\system\driver\video\opengl\driver_parameters.h">
      <Filter>dump%28logic%29</Filter>
    </ClInclude>
    <ClInclude Include="..\punk_engine\system\driver\video\opengl\error.h">
      <Filter>dump%28logic%29</Filter>
    </ClInclude>
    <ClInclude Include="..\punk_engine\system\driver\video\opengl\extensions.h">
      <Filter>dump%28logic%29</Filter>
    </ClInclude>
    <ClInclude Include="..\punk_engine\system\driver\video\opengl\frame_buffer.h">
      <Filter>dump%28logic%29</Filter>
    </ClInclude>
    <ClInclude Include="..\punk_engine\system\driver\video\opengl\frame_buffer_with_depth.h">
      <Filter>dump%28logic%29</Filter>
    </ClInclude>
    <ClInclude Include="..\punk_engine\system\driver\video\opengl\glsl_program.h">
      <Filter>dump%28logic%29</Filter>
    </ClInclude>
    <ClInclude Include="..\punk_engine\system\driver\video\opengl\grid_object.h">
      <Filter>dump%28logic%29</Filter>
    </ClInclude>
    <ClInclude Include="..\punk_engine\system\driver\video\opengl\grid_object_impl.h">
      <Filter>dump%28logic%29</Filter>
    </ClInclude>
    <ClInclude Include="..\punk_engine\system\driver\video\opengl\light.h">
      <Filter>dump%28logic%29</Filter>
    </ClInclude>
    <ClInclude Include="..\punk_engine\system\driver\video\opengl\light_manager.h">
      <Filter>dump%28logic%29</Filter>
    </ClInclude>
    <ClInclude Include="..\punk_engine\system\driver\video\opengl\material.h">
      <Filter>dump%28logic%29</Filter>
    </ClInclude>
    <ClInclude Include="..\punk_engine\system\driver\video\opengl\module.h">
      <Filter>dump%28logic%29</Filter>
    </ClInclude>
    <ClInclude Include="..\punk_engine\system\driver\video\opengl\os.h">
      <Filter>dump%28logic%29</Filter>
    </ClInclude>
    <ClInclude Include="..\punk_engine\system\driver\video\opengl\point_object.h">
      <Filter>dump%28logic%29</Filter>
    </ClInclude>
    <ClInclude Include="..\punk_engine\system\driver\video\opengl\point_object_impl.h">
      <Filter>dump%28logic%29</Filter>
    </ClInclude>
    <ClInclude Include="..\punk_engine\system\driver\video\opengl\quad_object.h">
      <Filter>dump%28logic%29</Filter>
    </ClInclude>
    <ClInclude Include="..\punk_engine\system\driver\video\opengl\quad_object_impl.h">
      <Filter>dump%28logic%29</Filter>
    </ClInclude>
    <ClInclude Include="..\punk_engine\system\driver\video\opengl\render_context_old.h">
      <Filter>dump%28logic%29</Filter>
    </ClInclude>
    <ClInclude Include="..\punk_engine\system\driver\video\opengl\shader_program.h">
      <Filter>dump%28logic%29</Filter>
    </ClInclude>
    <ClInclude Include="..\punk_engine\system\driver\video\opengl\standard_shaders.h">
      <Filter>dump%28logic%29</Filter>
    </ClInclude>
    <ClInclude Include="..\punk_engine\system\driver\video\opengl\static_object.h">
      <Filter>dump%28logic%29</Filter>
    </ClInclude>
    <ClInclude Include="..\punk_engine\system\driver\video\opengl\static_object_impl.h">
      <Filter>dump%28logic%29</Filter>
    </ClInclude>
    <ClInclude Include="..\punk_engine\system\driver\video\opengl\terrain_render.h">
      <Filter>dump%28logic%29</Filter>
    </ClInclude>
    <ClInclude Include="..\punk_engine\system\driver\video\opengl\text_texture_2d.h">
      <Filter>dump%28logic%29</Filter>
    </ClInclude>
    <ClInclude Include="..\punk_engine\system\driver\video\opengl\texture2d.h">
      <Filter>dump%28logic%29</Filter>
    </ClInclude>
    <ClInclude Include="..\punk_engine\system\driver\video\opengl\texture2d_impl.h">
      <Filter>dump%28logic%29</Filter>
    </ClInclude>
    <ClInclude Include="..\punk_engine\system\driver\video\opengl\texture_bind_target.h">
      <Filter>dump%28logic%29</Filter>
    </ClInclude>
    <ClInclude Include="..\punk_engine\system\driver\video\opengl\texture_context.h">
      <Filter>dump%28logic%29</Filter>
    </ClInclude>
    <ClInclude Include="..\punk_engine\system\driver\video\opengl\texture_context_impl.h">
      <Filter>dump%28logic%29</Filter>
    </ClInclude>
    <ClInclude Include="..\punk_engine\system\driver\video\opengl\vbo.h">
      <Filter>dump%28logic%29</Filter>
    </ClInclude>
    <ClInclude Include="..\punk_engine\system\driver\video\opengl\vertex_array_object.h">
      <Filter>dump%28logic%29</Filter>
    </ClInclude>
    <ClInclude Include="..\punk_engine\system\driver\video\opengl\vertex_attributes.h">
      <Filter>dump%28logic%29</Filter>
    </ClInclude>
    <ClInclude Include="..\punk_engine\system\driver\video\opengl\vertext_array_object_impl.h">
      <Filter>dump%28logic%29</Filter>
    </ClInclude>
    <ClInclude Include="..\punk_engine\system\driver\video\opengl\resource\resource_manager.h">
      <Filter>resource</Filter>
    </ClInclude>
    <ClInclude Include="..\punk_engine\system\driver\video\opengl\render\line.h" />
    <ClInclude Include="..\punk_engine\system\driver\video\opengl\render\rigid_body.h" />
    <ClInclude Include="..\punk_engine\system\driver\video\opengl\texture_2d_manager.h">
      <Filter>dump%28logic%29</Filter>
    </ClInclude>
    <ClInclude Include="..\punk_engine\system\driver\video\opengl\vao_manager.h">
      <Filter>dump%28logic%29</Filter>
    </ClInclude>
    <ClInclude Include="..\punk_engine\system\driver\video\opengl\render_context\fs_grass.h">
      <Filter>render_context</Filter>
    </ClInclude>
    <ClInclude Include="..\punk_engine\system\driver\video\opengl\render_context\vs_grass.h">
      <Filter>render_context</Filter>
    </ClInclude>
    <ClInclude Include="..\punk_engine\system\driver\video\opengl\render_context\rc_grass.h">
      <Filter>render_context</Filter>
    </ClInclude>
    <ClInclude Include="..\punk_engine\system\driver\video\opengl\render_context\rc_particle_system.h">
      <Filter>render_context</Filter>
    </ClInclude>
    <ClInclude Include="..\punk_engine\system\driver\video\opengl\render_context\shader_vertex.h">
      <Filter>render_context</Filter>
    </ClInclude>
    <ClInclude Include="..\punk_engine\system\driver\video\opengl\render_context\shader2.h">
      <Filter>render_context</Filter>
    </ClInclude>
    <ClInclude Include="..\punk_engine\system\driver\video\opengl\render_context\fs_particle.h">
      <Filter>render_context</Filter>
    </ClInclude>
    <ClInclude Include="..\punk_engine\system\driver\video\opengl\render_context\vs_particle.h">
      <Filter>render_context</Filter>
    </ClInclude>
  </ItemGroup>
  <ItemGroup>
    <None Include="..\punk_engine\system\driver\video\opengl\nvtristrip\README.txt">
      <Filter>nvtristrip</Filter>
    </None>
    <None Include="..\punk_engine\system\driver\video\opengl\material.txt">
      <Filter>dump%28logic%29</Filter>
    </None>
    <None Include="..\punk_engine\system\driver\video\opengl\model.txt">
      <Filter>dump%28logic%29</Filter>
    </None>
    <None Include="..\..\data\shaders\bump_330.frag">
      <Filter>glsl</Filter>
    </None>
    <None Include="..\..\data\shaders\bump_330.vert">
      <Filter>glsl</Filter>
    </None>
    <None Include="..\..\data\shaders\draw_normals.frag">
      <Filter>glsl</Filter>
    </None>
    <None Include="..\..\data\shaders\draw_normals.vert">
      <Filter>glsl</Filter>
    </None>
    <None Include="..\..\data\shaders\gui_330.frag">
      <Filter>glsl</Filter>
    </None>
    <None Include="..\..\data\shaders\gui_330.vert">
      <Filter>glsl</Filter>
    </None>
    <None Include="..\..\data\shaders\line_2d_330.frag">
      <Filter>glsl</Filter>
    </None>
    <None Include="..\..\data\shaders\line_2d_330.vert">
      <Filter>glsl</Filter>
    </None>
    <None Include="..\..\data\shaders\line_3d_330.frag">
      <Filter>glsl</Filter>
    </None>
    <None Include="..\..\data\shaders\line_3d_330.vert">
      <Filter>glsl</Filter>
    </None>
    <None Include="..\..\data\shaders\normals_330.frag">
      <Filter>glsl</Filter>
    </None>
    <None Include="..\..\data\shaders\normals_330.vert">
      <Filter>glsl</Filter>
    </None>
    <None Include="..\..\data\shaders\per_vertex_lighting_330.frag">
      <Filter>glsl</Filter>
    </None>
    <None Include="..\..\data\shaders\per_vertex_lighting_330.vert">
      <Filter>glsl</Filter>
    </None>
    <None Include="..\..\data\shaders\quad_330.geom">
      <Filter>glsl</Filter>
    </None>
    <None Include="..\..\data\shaders\shaders.ini">
      <Filter>glsl</Filter>
    </None>
    <None Include="..\..\data\shaders\skinning_330.frag">
      <Filter>glsl</Filter>
    </None>
    <None Include="..\..\data\shaders\skinning_330.vert">
      <Filter>glsl</Filter>
    </None>
    <None Include="..\..\data\shaders\solid_color_2d_330.frag">
      <Filter>glsl</Filter>
    </None>
    <None Include="..\..\data\shaders\solid_color_2d_330.vert">
      <Filter>glsl</Filter>
    </None>
    <None Include="..\..\data\shaders\solid_color_3d_330.frag">
      <Filter>glsl</Filter>
    </None>
    <None Include="..\..\data\shaders\solid_color_3d_330.vert">
      <Filter>glsl</Filter>
    </None>
    <None Include="..\..\data\shaders\static_mesh_330.frag">
      <Filter>glsl</Filter>
    </None>
    <None Include="..\..\data\shaders\static_mesh_330.vert">
      <Filter>glsl</Filter>
    </None>
    <None Include="..\..\data\shaders\terrain_330 - Copy.frag">
      <Filter>glsl</Filter>
    </None>
    <None Include="..\..\data\shaders\terrain_330 - Copy.vert">
      <Filter>glsl</Filter>
    </None>
    <None Include="..\..\data\shaders\terrain_330.frag">
      <Filter>glsl</Filter>
    </None>
    <None Include="..\..\data\shaders\terrain_330.vert">
      <Filter>glsl</Filter>
    </None>
    <None Include="..\..\data\shaders\textured_2d_330.frag">
      <Filter>glsl</Filter>
    </None>
    <None Include="..\..\data\shaders\textured_2d_330.vert">
      <Filter>glsl</Filter>
    </None>
    <None Include="..\..\data\shaders\line_330.frag">
      <Filter>glsl</Filter>
    </None>
    <None Include="..\..\data\shaders\line_330.vert">
      <Filter>glsl</Filter>
    </None>
    <None Include="..\..\data\shaders\grass_330.frag">
      <Filter>glsl</Filter>
    </None>
    <None Include="..\..\data\shaders\grass_330.vert">
      <Filter>glsl</Filter>
    </None>
    <None Include="..\..\data\shaders\particle_330.vert">
      <Filter>glsl</Filter>
    </None>
    <None Include="..\..\data\shaders\particle_330.frag">
      <Filter>glsl</Filter>
    </None>
  </ItemGroup>
</Project>