
Microsoft Visual Studio Solution File, Format Version 12.00
# Visual Studio Express 2012 for Windows Desktop
Project("{8BC9CEB8-8B4A-11D0-8D11-00A0C91BC942}") = "punk_string_test", "punk_string_test\punk_string_test.vcxproj", "{E3CB2604-251D-4CC8-9791-EFC029E46FCF}"
EndProject
Project("{8BC9CEB8-8B4A-11D0-8D11-00A0C91BC942}") = "punk_system_test", "punk_system_test\punk_system_test.vcxproj", "{428342BB-B1DF-4782-BCAD-93930282DC46}"
EndProject
Project("{8BC9CEB8-8B4A-11D0-8D11-00A0C91BC942}") = "punk_audio_test", "punk_audio_test\punk_audio_test.vcxproj", "{08936417-F9AE-404C-8285-7F6533E0EEC9}"
EndProject
Project("{8BC9CEB8-8B4A-11D0-8D11-00A0C91BC942}") = "trash_game", "trash_game\trash_game.vcxproj", "{A15999BD-FEBC-4381-8C2F-075743B636BA}"
EndProject
Project("{8BC9CEB8-8B4A-11D0-8D11-00A0C91BC942}") = "punk_window_test", "punk_window_test\punk_window_test.vcxproj", "{4B1AD1D4-F8DA-4054-BFFE-CA00A6A7A2BC}"
EndProject
Project("{8BC9CEB8-8B4A-11D0-8D11-00A0C91BC942}") = "punk_opengl_init_test", "punk_opengl_init_test\punk_opengl_init_test.vcxproj", "{BDD20770-1D01-4B9A-90E0-11C01ED00483}"
EndProject
Project("{8BC9CEB8-8B4A-11D0-8D11-00A0C91BC942}") = "punk_event_test", "punk_event_test\punk_event_test.vcxproj", "{D6FE7AED-C6E3-4F46-BA88-4AAF363119B4}"
EndProject
Project("{8BC9CEB8-8B4A-11D0-8D11-00A0C91BC942}") = "punk_quad", "punk_quad\punk_quad.vcxproj", "{7535706F-3BAE-4454-BBE4-A7F7A41DA09E}"
EndProject
Project("{8BC9CEB8-8B4A-11D0-8D11-00A0C91BC942}") = "punk_static_vao_test", "punk_static_vao_test\punk_static_vao_test.vcxproj", "{CEB2F6C2-AD45-4E2E-800C-2732A1094FA6}"
EndProject
Project("{8BC9CEB8-8B4A-11D0-8D11-00A0C91BC942}") = "punk_object_test", "punk_object_test\punk_object_test.vcxproj", "{D3E6D38E-8FFF-4690-AB94-08EA4809DD38}"
EndProject
Project("{8BC9CEB8-8B4A-11D0-8D11-00A0C91BC942}") = "punk_parser_test", "punk_parser_test\punk_parser_test.vcxproj", "{4D5F0C86-9927-4B0E-955F-8D779D8AF4C1}"
EndProject
Project("{8BC9CEB8-8B4A-11D0-8D11-00A0C91BC942}") = "punk_scene_build_test", "punk_scene_build_test\punk_scene_build_test.vcxproj", "{95BDC1CC-3616-4C19-915A-41E043933820}"
EndProject
Project("{8BC9CEB8-8B4A-11D0-8D11-00A0C91BC942}") = "punk_web_camera_capture", "punk_web_camera_capture_file\punk_web_camera_capture_file.vcxproj", "{BC835926-6C75-49FD-8B81-835D7CD3EDE4}"
EndProject
Project("{8BC9CEB8-8B4A-11D0-8D11-00A0C91BC942}") = "punk_quad_with_texture", "punk_quad_with_texture\punk_quad_with_texture.vcxproj", "{953F1DAC-499B-4DA2-B6DD-C3CC43FA4F13}"
EndProject
Project("{8BC9CEB8-8B4A-11D0-8D11-00A0C91BC942}") = "punk_world_creation_test", "punk_world_creation_test\punk_world_creation_test.vcxproj", "{1BB7ACF0-6D37-4F86-9266-9AE84806DF47}"
EndProject
Project("{8BC9CEB8-8B4A-11D0-8D11-00A0C91BC942}") = "punk_navi_mesh_test", "punk_navi_mesh_test\punk_navi_mesh_test.vcxproj", "{3388CF56-1E25-4917-A54B-4918BF03B588}"
EndProject
Project("{8BC9CEB8-8B4A-11D0-8D11-00A0C91BC942}") = "punk_math_test", "punk_math_test\punk_math_test.vcxproj", "{9E3F25F0-F334-4963-B9EB-6A8D3CDC11C4}"
EndProject
Project("{8BC9CEB8-8B4A-11D0-8D11-00A0C91BC942}") = "punk_raytracer_test", "punk_raytracer_test\punk_raytracer_test.vcxproj", "{7A7C83BC-58F2-4AF8-BB8F-759587AFB477}"
EndProject
Project("{8BC9CEB8-8B4A-11D0-8D11-00A0C91BC942}") = "punk_proxy_test", "punk_proxy_test\punk_proxy_test.vcxproj", "{85434666-88C8-4F21-8A9D-E70DF58B8032}"
EndProject
Global
	GlobalSection(SolutionConfigurationPlatforms) = preSolution
		Debug|Win32 = Debug|Win32
		Release|Win32 = Release|Win32
	EndGlobalSection
	GlobalSection(ProjectConfigurationPlatforms) = postSolution
		{E3CB2604-251D-4CC8-9791-EFC029E46FCF}.Debug|Win32.ActiveCfg = Debug|Win32
		{E3CB2604-251D-4CC8-9791-EFC029E46FCF}.Debug|Win32.Build.0 = Debug|Win32
		{E3CB2604-251D-4CC8-9791-EFC029E46FCF}.Release|Win32.ActiveCfg = Release|Win32
		{E3CB2604-251D-4CC8-9791-EFC029E46FCF}.Release|Win32.Build.0 = Release|Win32
		{428342BB-B1DF-4782-BCAD-93930282DC46}.Debug|Win32.ActiveCfg = Debug|Win32
		{428342BB-B1DF-4782-BCAD-93930282DC46}.Debug|Win32.Build.0 = Debug|Win32
		{428342BB-B1DF-4782-BCAD-93930282DC46}.Release|Win32.ActiveCfg = Release|Win32
		{428342BB-B1DF-4782-BCAD-93930282DC46}.Release|Win32.Build.0 = Release|Win32
		{08936417-F9AE-404C-8285-7F6533E0EEC9}.Debug|Win32.ActiveCfg = Debug|Win32
		{08936417-F9AE-404C-8285-7F6533E0EEC9}.Debug|Win32.Build.0 = Debug|Win32
		{08936417-F9AE-404C-8285-7F6533E0EEC9}.Release|Win32.ActiveCfg = Release|Win32
		{08936417-F9AE-404C-8285-7F6533E0EEC9}.Release|Win32.Build.0 = Release|Win32
		{A15999BD-FEBC-4381-8C2F-075743B636BA}.Debug|Win32.ActiveCfg = Debug|Win32
		{A15999BD-FEBC-4381-8C2F-075743B636BA}.Debug|Win32.Build.0 = Debug|Win32
		{A15999BD-FEBC-4381-8C2F-075743B636BA}.Release|Win32.ActiveCfg = Release|Win32
		{A15999BD-FEBC-4381-8C2F-075743B636BA}.Release|Win32.Build.0 = Release|Win32
		{4B1AD1D4-F8DA-4054-BFFE-CA00A6A7A2BC}.Debug|Win32.ActiveCfg = Debug|Win32
		{4B1AD1D4-F8DA-4054-BFFE-CA00A6A7A2BC}.Debug|Win32.Build.0 = Debug|Win32
		{4B1AD1D4-F8DA-4054-BFFE-CA00A6A7A2BC}.Release|Win32.ActiveCfg = Release|Win32
		{4B1AD1D4-F8DA-4054-BFFE-CA00A6A7A2BC}.Release|Win32.Build.0 = Release|Win32
		{BDD20770-1D01-4B9A-90E0-11C01ED00483}.Debug|Win32.ActiveCfg = Debug|Win32
		{BDD20770-1D01-4B9A-90E0-11C01ED00483}.Debug|Win32.Build.0 = Debug|Win32
		{BDD20770-1D01-4B9A-90E0-11C01ED00483}.Release|Win32.ActiveCfg = Release|Win32
		{BDD20770-1D01-4B9A-90E0-11C01ED00483}.Release|Win32.Build.0 = Release|Win32
		{D6FE7AED-C6E3-4F46-BA88-4AAF363119B4}.Debug|Win32.ActiveCfg = Debug|Win32
		{D6FE7AED-C6E3-4F46-BA88-4AAF363119B4}.Debug|Win32.Build.0 = Debug|Win32
		{D6FE7AED-C6E3-4F46-BA88-4AAF363119B4}.Release|Win32.ActiveCfg = Release|Win32
		{D6FE7AED-C6E3-4F46-BA88-4AAF363119B4}.Release|Win32.Build.0 = Release|Win32
		{7535706F-3BAE-4454-BBE4-A7F7A41DA09E}.Debug|Win32.ActiveCfg = Debug|Win32
		{7535706F-3BAE-4454-BBE4-A7F7A41DA09E}.Debug|Win32.Build.0 = Debug|Win32
		{7535706F-3BAE-4454-BBE4-A7F7A41DA09E}.Release|Win32.ActiveCfg = Release|Win32
		{7535706F-3BAE-4454-BBE4-A7F7A41DA09E}.Release|Win32.Build.0 = Release|Win32
		{CEB2F6C2-AD45-4E2E-800C-2732A1094FA6}.Debug|Win32.ActiveCfg = Debug|Win32
		{CEB2F6C2-AD45-4E2E-800C-2732A1094FA6}.Debug|Win32.Build.0 = Debug|Win32
		{CEB2F6C2-AD45-4E2E-800C-2732A1094FA6}.Release|Win32.ActiveCfg = Release|Win32
		{CEB2F6C2-AD45-4E2E-800C-2732A1094FA6}.Release|Win32.Build.0 = Release|Win32
		{D3E6D38E-8FFF-4690-AB94-08EA4809DD38}.Debug|Win32.ActiveCfg = Debug|Win32
		{D3E6D38E-8FFF-4690-AB94-08EA4809DD38}.Debug|Win32.Build.0 = Debug|Win32
		{D3E6D38E-8FFF-4690-AB94-08EA4809DD38}.Release|Win32.ActiveCfg = Release|Win32
		{D3E6D38E-8FFF-4690-AB94-08EA4809DD38}.Release|Win32.Build.0 = Release|Win32
		{4D5F0C86-9927-4B0E-955F-8D779D8AF4C1}.Debug|Win32.ActiveCfg = Debug|Win32
		{4D5F0C86-9927-4B0E-955F-8D779D8AF4C1}.Debug|Win32.Build.0 = Debug|Win32
		{4D5F0C86-9927-4B0E-955F-8D779D8AF4C1}.Release|Win32.ActiveCfg = Release|Win32
		{4D5F0C86-9927-4B0E-955F-8D779D8AF4C1}.Release|Win32.Build.0 = Release|Win32
		{95BDC1CC-3616-4C19-915A-41E043933820}.Debug|Win32.ActiveCfg = Debug|Win32
		{95BDC1CC-3616-4C19-915A-41E043933820}.Debug|Win32.Build.0 = Debug|Win32
		{95BDC1CC-3616-4C19-915A-41E043933820}.Release|Win32.ActiveCfg = Release|Win32
		{95BDC1CC-3616-4C19-915A-41E043933820}.Release|Win32.Build.0 = Release|Win32
		{BC835926-6C75-49FD-8B81-835D7CD3EDE4}.Debug|Win32.ActiveCfg = Debug|Win32
		{BC835926-6C75-49FD-8B81-835D7CD3EDE4}.Debug|Win32.Build.0 = Debug|Win32
		{BC835926-6C75-49FD-8B81-835D7CD3EDE4}.Release|Win32.ActiveCfg = Release|Win32
		{BC835926-6C75-49FD-8B81-835D7CD3EDE4}.Release|Win32.Build.0 = Release|Win32
		{953F1DAC-499B-4DA2-B6DD-C3CC43FA4F13}.Debug|Win32.ActiveCfg = Debug|Win32
		{953F1DAC-499B-4DA2-B6DD-C3CC43FA4F13}.Debug|Win32.Build.0 = Debug|Win32
		{953F1DAC-499B-4DA2-B6DD-C3CC43FA4F13}.Release|Win32.ActiveCfg = Release|Win32
		{953F1DAC-499B-4DA2-B6DD-C3CC43FA4F13}.Release|Win32.Build.0 = Release|Win32
		{1BB7ACF0-6D37-4F86-9266-9AE84806DF47}.Debug|Win32.ActiveCfg = Debug|Win32
		{1BB7ACF0-6D37-4F86-9266-9AE84806DF47}.Debug|Win32.Build.0 = Debug|Win32
		{1BB7ACF0-6D37-4F86-9266-9AE84806DF47}.Release|Win32.ActiveCfg = Release|Win32
		{1BB7ACF0-6D37-4F86-9266-9AE84806DF47}.Release|Win32.Build.0 = Release|Win32
		{3388CF56-1E25-4917-A54B-4918BF03B588}.Debug|Win32.ActiveCfg = Debug|Win32
		{3388CF56-1E25-4917-A54B-4918BF03B588}.Debug|Win32.Build.0 = Debug|Win32
		{3388CF56-1E25-4917-A54B-4918BF03B588}.Release|Win32.ActiveCfg = Release|Win32
		{3388CF56-1E25-4917-A54B-4918BF03B588}.Release|Win32.Build.0 = Release|Win32
		{9E3F25F0-F334-4963-B9EB-6A8D3CDC11C4}.Debug|Win32.ActiveCfg = Debug|Win32
		{9E3F25F0-F334-4963-B9EB-6A8D3CDC11C4}.Debug|Win32.Build.0 = Debug|Win32
		{9E3F25F0-F334-4963-B9EB-6A8D3CDC11C4}.Release|Win32.ActiveCfg = Release|Win32
		{9E3F25F0-F334-4963-B9EB-6A8D3CDC11C4}.Release|Win32.Build.0 = Release|Win32
		{7A7C83BC-58F2-4AF8-BB8F-759587AFB477}.Debug|Win32.ActiveCfg = Debug|Win32
		{7A7C83BC-58F2-4AF8-BB8F-759587AFB477}.Debug|Win32.Build.0 = Debug|Win32
		{7A7C83BC-58F2-4AF8-BB8F-759587AFB477}.Release|Win32.ActiveCfg = Release|Win32
		{7A7C83BC-58F2-4AF8-BB8F-759587AFB477}.Release|Win32.Build.0 = Release|Win32
		{85434666-88C8-4F21-8A9D-E70DF58B8032}.Debug|Win32.ActiveCfg = Debug|Win32
		{85434666-88C8-4F21-8A9D-E70DF58B8032}.Debug|Win32.Build.0 = Debug|Win32
		{85434666-88C8-4F21-8A9D-E70DF58B8032}.Release|Win32.ActiveCfg = Release|Win32
		{85434666-88C8-4F21-8A9D-E70DF58B8032}.Release|Win32.Build.0 = Release|Win32
	EndGlobalSection
	GlobalSection(SolutionProperties) = preSolution
		HideSolutionNode = FALSE
	EndGlobalSection
EndGlobal
